
Microsoft Visual Studio Solution File, Format Version 12.00
# Visual Studio Version 17
VisualStudioVersion = 17.11.35222.181
MinimumVisualStudioVersion = 10.0.40219.1
Project("{FAE04EC0-301F-11D3-BF4B-00C04F79EFBC}") = "LISTA_6", "LISTA_6\LISTA_6.csproj", "{BA58A808-4F62-4ABB-AD11-8F08B6D72E84}"
EndProject
Global
	GlobalSection(SolutionConfigurationPlatforms) = preSolution
		Debug|Any CPU = Debug|Any CPU
		Release|Any CPU = Release|Any CPU
	EndGlobalSection
	GlobalSection(ProjectConfigurationPlatforms) = postSolution
		{BA58A808-4F62-4ABB-AD11-8F08B6D72E84}.Debug|Any CPU.ActiveCfg = Debug|Any CPU
		{BA58A808-4F62-4ABB-AD11-8F08B6D72E84}.Debug|Any CPU.Build.0 = Debug|Any CPU
		{BA58A808-4F62-4ABB-AD11-8F08B6D72E84}.Release|Any CPU.ActiveCfg = Release|Any CPU
		{BA58A808-4F62-4ABB-AD11-8F08B6D72E84}.Release|Any CPU.Build.0 = Release|Any CPU
	EndGlobalSection
	GlobalSection(SolutionProperties) = preSolution
		HideSolutionNode = FALSE
	EndGlobalSection
	GlobalSection(ExtensibilityGlobals) = postSolution
		SolutionGuid = {B74650EF-2C59-4BD0-A136-4A45BFCBD09E}
	EndGlobalSection
EndGlobal
